
Microsoft Visual Studio Solution File, Format Version 12.00
# Visual Studio Version 17
VisualStudioVersion = 17.7.34024.191
MinimumVisualStudioVersion = 10.0.40219.1
Project("{9A19103F-16F7-4668-BE54-9A1E7A4F7556}") = "ScoreKeeperCore", "ScoreKeeperCore.csproj", "{C0EB8A7B-0FB4-4EC0-97D3-AC4150F67694}"
EndProject
Global
	GlobalSection(SolutionConfigurationPlatforms) = preSolution
		Debug|Any CPU = Debug|Any CPU
		Release|Any CPU = Release|Any CPU
	EndGlobalSection
	GlobalSection(ProjectConfigurationPlatforms) = postSolution
		{C0EB8A7B-0FB4-4EC0-97D3-AC4150F67694}.Debug|Any CPU.ActiveCfg = Debug|Any CPU
		{C0EB8A7B-0FB4-4EC0-97D3-AC4150F67694}.Debug|Any CPU.Build.0 = Debug|Any CPU
		{C0EB8A7B-0FB4-4EC0-97D3-AC4150F67694}.Release|Any CPU.ActiveCfg = Release|Any CPU
		{C0EB8A7B-0FB4-4EC0-97D3-AC4150F67694}.Release|Any CPU.Build.0 = Release|Any CPU
	EndGlobalSection
	GlobalSection(SolutionProperties) = preSolution
		HideSolutionNode = FALSE
	EndGlobalSection
	GlobalSection(ExtensibilityGlobals) = postSolution
		SolutionGuid = {A8AE2D86-A6B2-47CE-9CFE-58DBCD2346CE}
	EndGlobalSection
EndGlobal
