
Microsoft Visual Studio Solution File, Format Version 12.00
# Visual Studio Version 16
VisualStudioVersion = 16.0.29613.14
MinimumVisualStudioVersion = 10.0.40219.1
Project("{FAE04EC0-301F-11D3-BF4B-00C04F79EFBC}") = "ScoreKeeper", "ScoreKeeper.csproj", "{A62DC4E9-35BF-481D-B6D3-796879BD7712}"
EndProject
Global
	GlobalSection(SolutionConfigurationPlatforms) = preSolution
		Debug|Any CPU = Debug|Any CPU
		Release|Any CPU = Release|Any CPU
	EndGlobalSection
	GlobalSection(ProjectConfigurationPlatforms) = postSolution
		{A62DC4E9-35BF-481D-B6D3-796879BD7712}.Debug|Any CPU.ActiveCfg = Debug|Any CPU
		{A62DC4E9-35BF-481D-B6D3-796879BD7712}.Debug|Any CPU.Build.0 = Debug|Any CPU
		{A62DC4E9-35BF-481D-B6D3-796879BD7712}.Release|Any CPU.ActiveCfg = Release|Any CPU
		{A62DC4E9-35BF-481D-B6D3-796879BD7712}.Release|Any CPU.Build.0 = Release|Any CPU
	EndGlobalSection
	GlobalSection(SolutionProperties) = preSolution
		HideSolutionNode = FALSE
	EndGlobalSection
	GlobalSection(ExtensibilityGlobals) = postSolution
		SolutionGuid = {3AE67FF0-C7E4-4B6C-A1BF-B779816BC216}
	EndGlobalSection
EndGlobal
